// !$*UTF8*$!
{
	archiveVersion = 1;
	classes = {
	};
	objectVersion = 56;
	objects = {

/* Begin PBXBuildFile section */
		1E2617842D6A7A14002B5BB2 /* ShoppingListDetailVM.swift in Sources */ = {isa = PBXBuildFile; fileRef = 1E2617832D6A7A13002B5BB2 /* ShoppingListDetailVM.swift */; };
		1E276A242CEBD53800747585 /* InventoryVM.swift in Sources */ = {isa = PBXBuildFile; fileRef = 1E276A232CEBD53800747585 /* InventoryVM.swift */; };
		1E28E98A2C8CB76200CEA3BB /* HomeMealsApp.swift in Sources */ = {isa = PBXBuildFile; fileRef = 1E28E9892C8CB76200CEA3BB /* HomeMealsApp.swift */; };
		1E28E98C2C8CB76200CEA3BB /* ContentView.swift in Sources */ = {isa = PBXBuildFile; fileRef = 1E28E98B2C8CB76200CEA3BB /* ContentView.swift */; };
		1E28E98E2C8CB76400CEA3BB /* Assets.xcassets in Resources */ = {isa = PBXBuildFile; fileRef = 1E28E98D2C8CB76400CEA3BB /* Assets.xcassets */; };
		1E28E9912C8CB76400CEA3BB /* Preview Assets.xcassets in Resources */ = {isa = PBXBuildFile; fileRef = 1E28E9902C8CB76400CEA3BB /* Preview Assets.xcassets */; };
		1E28E99B2C8CB76400CEA3BB /* HomeMealsTests.swift in Sources */ = {isa = PBXBuildFile; fileRef = 1E28E99A2C8CB76400CEA3BB /* HomeMealsTests.swift */; };
		1E28E9A52C8CB76400CEA3BB /* HomeMealsUITests.swift in Sources */ = {isa = PBXBuildFile; fileRef = 1E28E9A42C8CB76400CEA3BB /* HomeMealsUITests.swift */; };
		1E28E9A72C8CB76400CEA3BB /* HomeMealsUITestsLaunchTests.swift in Sources */ = {isa = PBXBuildFile; fileRef = 1E28E9A62C8CB76400CEA3BB /* HomeMealsUITestsLaunchTests.swift */; };
		1E28E9B82C8CF82D00CEA3BB /* Recipe.swift in Sources */ = {isa = PBXBuildFile; fileRef = 1E28E9B72C8CF82D00CEA3BB /* Recipe.swift */; };
		1E28E9BA2C8DB87F00CEA3BB /* Enums.swift in Sources */ = {isa = PBXBuildFile; fileRef = 1E28E9B92C8DB87F00CEA3BB /* Enums.swift */; };
		1E28E9C02C8E408500CEA3BB /* URL.swift in Sources */ = {isa = PBXBuildFile; fileRef = 1E28E9BF2C8E408500CEA3BB /* URL.swift */; };
		1E2B05972D638DA600D35C1C /* ShoppingListsView.swift in Sources */ = {isa = PBXBuildFile; fileRef = 1E2B05962D638DA600D35C1C /* ShoppingListsView.swift */; };
		1E2B05992D64DD8800D35C1C /* ShoppingListDetailView.swift in Sources */ = {isa = PBXBuildFile; fileRef = 1E2B05982D64DD8800D35C1C /* ShoppingListDetailView.swift */; };
		1E2B059B2D65FB3300D35C1C /* MinutesStepper.swift in Sources */ = {isa = PBXBuildFile; fileRef = 1E2B059A2D65FB3300D35C1C /* MinutesStepper.swift */; };
		1E2CD67A2D492B2500D03B69 /* SuggestedRecipesList.swift in Sources */ = {isa = PBXBuildFile; fileRef = 1E2CD6792D492B2500D03B69 /* SuggestedRecipesList.swift */; };
		1E2CD67E2D4FD96900D03B69 /* RecipeSelectionView.swift in Sources */ = {isa = PBXBuildFile; fileRef = 1E2CD67D2D4FD96900D03B69 /* RecipeSelectionView.swift */; };
		1E2CD6802D50E60A00D03B69 /* Meals.swift in Sources */ = {isa = PBXBuildFile; fileRef = 1E2CD67F2D50E5FF00D03B69 /* Meals.swift */; };
		1E2CD6822D50ED1E00D03B69 /* MealPlannerVM.swift in Sources */ = {isa = PBXBuildFile; fileRef = 1E2CD6812D50ED0900D03B69 /* MealPlannerVM.swift */; };
		1E2CD6842D50ED9000D03B69 /* MealPlannerView.swift in Sources */ = {isa = PBXBuildFile; fileRef = 1E2CD6832D50ED8600D03B69 /* MealPlannerView.swift */; };
		1E40C1A92D6914A200006132 /* GroceryRow.swift in Sources */ = {isa = PBXBuildFile; fileRef = 1E40C1A82D6914A200006132 /* GroceryRow.swift */; };
		1E48BAC62CC6DE23008D5CC4 /* GuideField.swift in Sources */ = {isa = PBXBuildFile; fileRef = 1E48BAC52CC6DE23008D5CC4 /* GuideField.swift */; };
		1E48BAC82CC6DEA9008D5CC4 /* IngredientsSelectedList.swift in Sources */ = {isa = PBXBuildFile; fileRef = 1E48BAC72CC6DEA9008D5CC4 /* IngredientsSelectedList.swift */; };
		1E4D95BB2C8E7BFD00BCA798 /* Network.swift in Sources */ = {isa = PBXBuildFile; fileRef = 1E4D95BA2C8E7BFD00BCA798 /* Network.swift */; };
		1E4D95BE2C8E7E6E00BCA798 /* ACNetwork in Frameworks */ = {isa = PBXBuildFile; productRef = 1E4D95BD2C8E7E6E00BCA798 /* ACNetwork */; };
		1E5255042C8F5F4E00A9A364 /* RecipeView.swift in Sources */ = {isa = PBXBuildFile; fileRef = 1E5255032C8F5F4E00A9A364 /* RecipeView.swift */; };
		1E573A322CBE8ADF005EF98C /* AllergensSelector.swift in Sources */ = {isa = PBXBuildFile; fileRef = 1E573A312CBE8ADF005EF98C /* AllergensSelector.swift */; };
		1E5971C22D10A15E000D2CF0 /* RecipeCard.swift in Sources */ = {isa = PBXBuildFile; fileRef = 1E5971C12D10A15E000D2CF0 /* RecipeCard.swift */; };
		1E63BABD2CA5D7B0000082BD /* IngredientsSelector.swift in Sources */ = {isa = PBXBuildFile; fileRef = 1E63BABC2CA5D7B0000082BD /* IngredientsSelector.swift */; };
		1E63BABF2CA5D826000082BD /* IngredientsVM.swift in Sources */ = {isa = PBXBuildFile; fileRef = 1E63BABE2CA5D826000082BD /* IngredientsVM.swift */; };
		1E64896D2D44485D001FD17F /* FavoriteRecipesView.swift in Sources */ = {isa = PBXBuildFile; fileRef = 1E64896C2D44485D001FD17F /* FavoriteRecipesView.swift */; };
		1E64896F2D45667D001FD17F /* UsersLikesList.swift in Sources */ = {isa = PBXBuildFile; fileRef = 1E64896E2D45667D001FD17F /* UsersLikesList.swift */; };
		1E68DBBF2D011590004972E8 /* Ingredient.swift in Sources */ = {isa = PBXBuildFile; fileRef = 1E68DBBE2D011590004972E8 /* Ingredient.swift */; };
		1E68DBC12D021CDC004972E8 /* RecipeDetailsView.swift in Sources */ = {isa = PBXBuildFile; fileRef = 1E68DBC02D021CDC004972E8 /* RecipeDetailsView.swift */; };
		1E68E52B2C9B551F008AFF07 /* AddRecipeVM.swift in Sources */ = {isa = PBXBuildFile; fileRef = 1E68E52A2C9B551F008AFF07 /* AddRecipeVM.swift */; };
		1E68E52F2C9B564B008AFF07 /* RecipeFormView.swift in Sources */ = {isa = PBXBuildFile; fileRef = 1E68E52E2C9B564B008AFF07 /* RecipeFormView.swift */; };
		1E68E5322C9C492F008AFF07 /* CustomTextField.swift in Sources */ = {isa = PBXBuildFile; fileRef = 1E68E5312C9C492F008AFF07 /* CustomTextField.swift */; };
		1E6BDD002D52B9B300D43F76 /* MealSelectionVM.swift in Sources */ = {isa = PBXBuildFile; fileRef = 1E6BDCFF2D52B98200D43F76 /* MealSelectionVM.swift */; };
		1E6BDD072D5F932A00D43F76 /* ShoppingListGeneratorVM.swift in Sources */ = {isa = PBXBuildFile; fileRef = 1E6BDD062D5F932A00D43F76 /* ShoppingListGeneratorVM.swift */; };
		1E6BDD092D5F936A00D43F76 /* ShoppingListFormView.swift in Sources */ = {isa = PBXBuildFile; fileRef = 1E6BDD082D5F936A00D43F76 /* ShoppingListFormView.swift */; };
		1E6E030B2CF3DE9E00B60FE8 /* EditInventoryQuantity.swift in Sources */ = {isa = PBXBuildFile; fileRef = 1E6E030A2CF3DE9E00B60FE8 /* EditInventoryQuantity.swift */; };
		1E6E030D2CF4AF2B00B60FE8 /* InventoryItemVM.swift in Sources */ = {isa = PBXBuildFile; fileRef = 1E6E030C2CF4AF2B00B60FE8 /* InventoryItemVM.swift */; };
		1E7222B52D08BF0700591D3E /* RecipeDetailsVM.swift in Sources */ = {isa = PBXBuildFile; fileRef = 1E7222B42D08BF0700591D3E /* RecipeDetailsVM.swift */; };
		1E7472DE2CCB8EEE00697C89 /* InventoryView.swift in Sources */ = {isa = PBXBuildFile; fileRef = 1E7472DD2CCB8EEE00697C89 /* InventoryView.swift */; };
		1E79014B2C93202700A78D25 /* ingredients.json in Resources */ = {isa = PBXBuildFile; fileRef = 1E79014A2C93202700A78D25 /* ingredients.json */; };
		1E79014D2C93206500A78D25 /* recipes.json in Resources */ = {isa = PBXBuildFile; fileRef = 1E79014C2C93206500A78D25 /* recipes.json */; };
		1E79014F2C9320B000A78D25 /* TestData.swift in Sources */ = {isa = PBXBuildFile; fileRef = 1E79014E2C9320B000A78D25 /* TestData.swift */; };
		1E7A847C2C8F0F5600544777 /* RecipesVM.swift in Sources */ = {isa = PBXBuildFile; fileRef = 1E7A847B2C8F0F5600544777 /* RecipesVM.swift */; };
		1E7E51A52D159EA600DA445B /* FilterRecipesVM.swift in Sources */ = {isa = PBXBuildFile; fileRef = 1E7E51A42D159EA600DA445B /* FilterRecipesVM.swift */; };
		1E8F1AD32CC7F3F6001284B8 /* Formatters.swift in Sources */ = {isa = PBXBuildFile; fileRef = 1E8F1AD22CC7F3F6001284B8 /* Formatters.swift */; };
		1EA705802CE65B7D00933279 /* Inventory.swift in Sources */ = {isa = PBXBuildFile; fileRef = 1EA7057F2CE65B7D00933279 /* Inventory.swift */; };
		1EC380022CBD2A0A0077B520 /* IngredientSelectorVM.swift in Sources */ = {isa = PBXBuildFile; fileRef = 1EC380012CBD2A0A0077B520 /* IngredientSelectorVM.swift */; };
		1EC380042CBD549D0077B520 /* IngredientQuantity.swift in Sources */ = {isa = PBXBuildFile; fileRef = 1EC380032CBD549D0077B520 /* IngredientQuantity.swift */; };
		1EC62EEF2D36F05A00B92D33 /* FilterRecipesView.swift in Sources */ = {isa = PBXBuildFile; fileRef = 1EC62EEE2D36F05A00B92D33 /* FilterRecipesView.swift */; };
		1EC62EF12D3A797A00B92D33 /* AllergenFreeIndicator.swift in Sources */ = {isa = PBXBuildFile; fileRef = 1EC62EF02D3A797A00B92D33 /* AllergenFreeIndicator.swift */; };
		1EC62EF32D3AAF3500B92D33 /* RecipeRow.swift in Sources */ = {isa = PBXBuildFile; fileRef = 1EC62EF22D3AAF3500B92D33 /* RecipeRow.swift */; };
		1EDF48402D6DE4AA0048AFE4 /* User.swift in Sources */ = {isa = PBXBuildFile; fileRef = 1EDF483F2D6DE4A50048AFE4 /* User.swift */; };
		1EDF48512D76003B0048AFE4 /* SecureCustomTextField.swift in Sources */ = {isa = PBXBuildFile; fileRef = 1EDF48502D76003B0048AFE4 /* SecureCustomTextField.swift */; };
		1EDF48532D76648F0048AFE4 /* UserVM.swift in Sources */ = {isa = PBXBuildFile; fileRef = 1EDF48522D76648F0048AFE4 /* UserVM.swift */; };
		1EDF48552D76653B0048AFE4 /* ProfileView.swift in Sources */ = {isa = PBXBuildFile; fileRef = 1EDF48542D76653B0048AFE4 /* ProfileView.swift */; };
		1EDF48592D771CCC0048AFE4 /* EditProfileView.swift in Sources */ = {isa = PBXBuildFile; fileRef = 1EDF48582D771CA50048AFE4 /* EditProfileView.swift */; };
		1EDF485D2D77913A0048AFE4 /* UpdatePasswordView.swift in Sources */ = {isa = PBXBuildFile; fileRef = 1EDF485C2D77913A0048AFE4 /* UpdatePasswordView.swift */; };
		1EDF485F2D78A4860048AFE4 /* Validations.swift in Sources */ = {isa = PBXBuildFile; fileRef = 1EDF485E2D78A4810048AFE4 /* Validations.swift */; };
		1EDF48632D78C5BE0048AFE4 /* LoginView.swift in Sources */ = {isa = PBXBuildFile; fileRef = 1EDF48622D78C5BE0048AFE4 /* LoginView.swift */; };
		1EDF48652D78C5E00048AFE4 /* RegisterView.swift in Sources */ = {isa = PBXBuildFile; fileRef = 1EDF48642D78C5E00048AFE4 /* RegisterView.swift */; };
		1EDF48672D78C7130048AFE4 /* Keychain.swift in Sources */ = {isa = PBXBuildFile; fileRef = 1EDF48662D78C70C0048AFE4 /* Keychain.swift */; };
		1EDF48692D78C7420048AFE4 /* Krypto.swift in Sources */ = {isa = PBXBuildFile; fileRef = 1EDF48682D78C73E0048AFE4 /* Krypto.swift */; };
		1EDF486B2D78C7610048AFE4 /* SecKeyStore.swift in Sources */ = {isa = PBXBuildFile; fileRef = 1EDF486A2D78C75F0048AFE4 /* SecKeyStore.swift */; };
		1EDF486D2D78C7A80048AFE4 /* SecManager.swift in Sources */ = {isa = PBXBuildFile; fileRef = 1EDF486C2D78C7A50048AFE4 /* SecManager.swift */; };
/* End PBXBuildFile section */

/* Begin PBXContainerItemProxy section */
		1E28E9972C8CB76400CEA3BB /* PBXContainerItemProxy */ = {
			isa = PBXContainerItemProxy;
			containerPortal = 1E28E97E2C8CB76200CEA3BB /* Project object */;
			proxyType = 1;
			remoteGlobalIDString = 1E28E9852C8CB76200CEA3BB;
			remoteInfo = HomeMeals;
		};
		1E28E9A12C8CB76400CEA3BB /* PBXContainerItemProxy */ = {
			isa = PBXContainerItemProxy;
			containerPortal = 1E28E97E2C8CB76200CEA3BB /* Project object */;
			proxyType = 1;
			remoteGlobalIDString = 1E28E9852C8CB76200CEA3BB;
			remoteInfo = HomeMeals;
		};
/* End PBXContainerItemProxy section */

/* Begin PBXFileReference section */
		1E2617832D6A7A13002B5BB2 /* ShoppingListDetailVM.swift */ = {isa = PBXFileReference; lastKnownFileType = sourcecode.swift; path = ShoppingListDetailVM.swift; sourceTree = "<group>"; };
		1E276A232CEBD53800747585 /* InventoryVM.swift */ = {isa = PBXFileReference; lastKnownFileType = sourcecode.swift; path = InventoryVM.swift; sourceTree = "<group>"; };
		1E28E9862C8CB76200CEA3BB /* HomeMeals.app */ = {isa = PBXFileReference; explicitFileType = wrapper.application; includeInIndex = 0; path = HomeMeals.app; sourceTree = BUILT_PRODUCTS_DIR; };
		1E28E9892C8CB76200CEA3BB /* HomeMealsApp.swift */ = {isa = PBXFileReference; lastKnownFileType = sourcecode.swift; path = HomeMealsApp.swift; sourceTree = "<group>"; };
		1E28E98B2C8CB76200CEA3BB /* ContentView.swift */ = {isa = PBXFileReference; lastKnownFileType = sourcecode.swift; path = ContentView.swift; sourceTree = "<group>"; };
		1E28E98D2C8CB76400CEA3BB /* Assets.xcassets */ = {isa = PBXFileReference; lastKnownFileType = folder.assetcatalog; path = Assets.xcassets; sourceTree = "<group>"; };
		1E28E9902C8CB76400CEA3BB /* Preview Assets.xcassets */ = {isa = PBXFileReference; lastKnownFileType = folder.assetcatalog; path = "Preview Assets.xcassets"; sourceTree = "<group>"; };
		1E28E9962C8CB76400CEA3BB /* HomeMealsTests.xctest */ = {isa = PBXFileReference; explicitFileType = wrapper.cfbundle; includeInIndex = 0; path = HomeMealsTests.xctest; sourceTree = BUILT_PRODUCTS_DIR; };
		1E28E99A2C8CB76400CEA3BB /* HomeMealsTests.swift */ = {isa = PBXFileReference; lastKnownFileType = sourcecode.swift; path = HomeMealsTests.swift; sourceTree = "<group>"; };
		1E28E9A02C8CB76400CEA3BB /* HomeMealsUITests.xctest */ = {isa = PBXFileReference; explicitFileType = wrapper.cfbundle; includeInIndex = 0; path = HomeMealsUITests.xctest; sourceTree = BUILT_PRODUCTS_DIR; };
		1E28E9A42C8CB76400CEA3BB /* HomeMealsUITests.swift */ = {isa = PBXFileReference; lastKnownFileType = sourcecode.swift; path = HomeMealsUITests.swift; sourceTree = "<group>"; };
		1E28E9A62C8CB76400CEA3BB /* HomeMealsUITestsLaunchTests.swift */ = {isa = PBXFileReference; lastKnownFileType = sourcecode.swift; path = HomeMealsUITestsLaunchTests.swift; sourceTree = "<group>"; };
		1E28E9B72C8CF82D00CEA3BB /* Recipe.swift */ = {isa = PBXFileReference; lastKnownFileType = sourcecode.swift; path = Recipe.swift; sourceTree = "<group>"; };
		1E28E9B92C8DB87F00CEA3BB /* Enums.swift */ = {isa = PBXFileReference; lastKnownFileType = sourcecode.swift; path = Enums.swift; sourceTree = "<group>"; };
		1E28E9BD2C8E37FF00CEA3BB /* Info.plist */ = {isa = PBXFileReference; lastKnownFileType = text.plist; path = Info.plist; sourceTree = "<group>"; };
		1E28E9BF2C8E408500CEA3BB /* URL.swift */ = {isa = PBXFileReference; lastKnownFileType = sourcecode.swift; path = URL.swift; sourceTree = "<group>"; };
		1E2B05962D638DA600D35C1C /* ShoppingListsView.swift */ = {isa = PBXFileReference; lastKnownFileType = sourcecode.swift; path = ShoppingListsView.swift; sourceTree = "<group>"; };
		1E2B05982D64DD8800D35C1C /* ShoppingListDetailView.swift */ = {isa = PBXFileReference; lastKnownFileType = sourcecode.swift; path = ShoppingListDetailView.swift; sourceTree = "<group>"; };
		1E2B059A2D65FB3300D35C1C /* MinutesStepper.swift */ = {isa = PBXFileReference; lastKnownFileType = sourcecode.swift; path = MinutesStepper.swift; sourceTree = "<group>"; };
		1E2CD6792D492B2500D03B69 /* SuggestedRecipesList.swift */ = {isa = PBXFileReference; lastKnownFileType = sourcecode.swift; path = SuggestedRecipesList.swift; sourceTree = "<group>"; };
		1E2CD67D2D4FD96900D03B69 /* RecipeSelectionView.swift */ = {isa = PBXFileReference; lastKnownFileType = sourcecode.swift; path = RecipeSelectionView.swift; sourceTree = "<group>"; };
		1E2CD67F2D50E5FF00D03B69 /* Meals.swift */ = {isa = PBXFileReference; lastKnownFileType = sourcecode.swift; path = Meals.swift; sourceTree = "<group>"; };
		1E2CD6812D50ED0900D03B69 /* MealPlannerVM.swift */ = {isa = PBXFileReference; lastKnownFileType = sourcecode.swift; path = MealPlannerVM.swift; sourceTree = "<group>"; };
		1E2CD6832D50ED8600D03B69 /* MealPlannerView.swift */ = {isa = PBXFileReference; lastKnownFileType = sourcecode.swift; path = MealPlannerView.swift; sourceTree = "<group>"; };
		1E40C1A82D6914A200006132 /* GroceryRow.swift */ = {isa = PBXFileReference; lastKnownFileType = sourcecode.swift; path = GroceryRow.swift; sourceTree = "<group>"; };
		1E48BAC52CC6DE23008D5CC4 /* GuideField.swift */ = {isa = PBXFileReference; lastKnownFileType = sourcecode.swift; path = GuideField.swift; sourceTree = "<group>"; };
		1E48BAC72CC6DEA9008D5CC4 /* IngredientsSelectedList.swift */ = {isa = PBXFileReference; lastKnownFileType = sourcecode.swift; path = IngredientsSelectedList.swift; sourceTree = "<group>"; };
		1E4D95BA2C8E7BFD00BCA798 /* Network.swift */ = {isa = PBXFileReference; lastKnownFileType = sourcecode.swift; path = Network.swift; sourceTree = "<group>"; };
		1E5255032C8F5F4E00A9A364 /* RecipeView.swift */ = {isa = PBXFileReference; lastKnownFileType = sourcecode.swift; path = RecipeView.swift; sourceTree = "<group>"; };
		1E573A312CBE8ADF005EF98C /* AllergensSelector.swift */ = {isa = PBXFileReference; lastKnownFileType = sourcecode.swift; path = AllergensSelector.swift; sourceTree = "<group>"; };
		1E5971C12D10A15E000D2CF0 /* RecipeCard.swift */ = {isa = PBXFileReference; lastKnownFileType = sourcecode.swift; path = RecipeCard.swift; sourceTree = "<group>"; };
		1E63BABC2CA5D7B0000082BD /* IngredientsSelector.swift */ = {isa = PBXFileReference; lastKnownFileType = sourcecode.swift; path = IngredientsSelector.swift; sourceTree = "<group>"; };
		1E63BABE2CA5D826000082BD /* IngredientsVM.swift */ = {isa = PBXFileReference; lastKnownFileType = sourcecode.swift; path = IngredientsVM.swift; sourceTree = "<group>"; };
		1E64896C2D44485D001FD17F /* FavoriteRecipesView.swift */ = {isa = PBXFileReference; lastKnownFileType = sourcecode.swift; path = FavoriteRecipesView.swift; sourceTree = "<group>"; };
		1E64896E2D45667D001FD17F /* UsersLikesList.swift */ = {isa = PBXFileReference; lastKnownFileType = sourcecode.swift; path = UsersLikesList.swift; sourceTree = "<group>"; };
		1E68DBBE2D011590004972E8 /* Ingredient.swift */ = {isa = PBXFileReference; lastKnownFileType = sourcecode.swift; path = Ingredient.swift; sourceTree = "<group>"; };
		1E68DBC02D021CDC004972E8 /* RecipeDetailsView.swift */ = {isa = PBXFileReference; lastKnownFileType = sourcecode.swift; path = RecipeDetailsView.swift; sourceTree = "<group>"; };
		1E68E52A2C9B551F008AFF07 /* AddRecipeVM.swift */ = {isa = PBXFileReference; lastKnownFileType = sourcecode.swift; path = AddRecipeVM.swift; sourceTree = "<group>"; };
		1E68E52E2C9B564B008AFF07 /* RecipeFormView.swift */ = {isa = PBXFileReference; lastKnownFileType = sourcecode.swift; path = RecipeFormView.swift; sourceTree = "<group>"; };
		1E68E5312C9C492F008AFF07 /* CustomTextField.swift */ = {isa = PBXFileReference; lastKnownFileType = sourcecode.swift; path = CustomTextField.swift; sourceTree = "<group>"; };
		1E6BDCFF2D52B98200D43F76 /* MealSelectionVM.swift */ = {isa = PBXFileReference; lastKnownFileType = sourcecode.swift; path = MealSelectionVM.swift; sourceTree = "<group>"; };
		1E6BDD062D5F932A00D43F76 /* ShoppingListGeneratorVM.swift */ = {isa = PBXFileReference; lastKnownFileType = sourcecode.swift; path = ShoppingListGeneratorVM.swift; sourceTree = "<group>"; };
		1E6BDD082D5F936A00D43F76 /* ShoppingListFormView.swift */ = {isa = PBXFileReference; lastKnownFileType = sourcecode.swift; path = ShoppingListFormView.swift; sourceTree = "<group>"; };
		1E6E030A2CF3DE9E00B60FE8 /* EditInventoryQuantity.swift */ = {isa = PBXFileReference; lastKnownFileType = sourcecode.swift; path = EditInventoryQuantity.swift; sourceTree = "<group>"; };
		1E6E030C2CF4AF2B00B60FE8 /* InventoryItemVM.swift */ = {isa = PBXFileReference; lastKnownFileType = sourcecode.swift; path = InventoryItemVM.swift; sourceTree = "<group>"; };
		1E7222B42D08BF0700591D3E /* RecipeDetailsVM.swift */ = {isa = PBXFileReference; lastKnownFileType = sourcecode.swift; path = RecipeDetailsVM.swift; sourceTree = "<group>"; };
		1E7472DD2CCB8EEE00697C89 /* InventoryView.swift */ = {isa = PBXFileReference; lastKnownFileType = sourcecode.swift; path = InventoryView.swift; sourceTree = "<group>"; };
		1E79014A2C93202700A78D25 /* ingredients.json */ = {isa = PBXFileReference; lastKnownFileType = text.json; path = ingredients.json; sourceTree = "<group>"; };
		1E79014C2C93206500A78D25 /* recipes.json */ = {isa = PBXFileReference; lastKnownFileType = text.json; path = recipes.json; sourceTree = "<group>"; };
		1E79014E2C9320B000A78D25 /* TestData.swift */ = {isa = PBXFileReference; lastKnownFileType = sourcecode.swift; path = TestData.swift; sourceTree = "<group>"; };
		1E7A847B2C8F0F5600544777 /* RecipesVM.swift */ = {isa = PBXFileReference; lastKnownFileType = sourcecode.swift; path = RecipesVM.swift; sourceTree = "<group>"; };
		1E7E51A42D159EA600DA445B /* FilterRecipesVM.swift */ = {isa = PBXFileReference; lastKnownFileType = sourcecode.swift; path = FilterRecipesVM.swift; sourceTree = "<group>"; };
		1E8F1AD22CC7F3F6001284B8 /* Formatters.swift */ = {isa = PBXFileReference; lastKnownFileType = sourcecode.swift; path = Formatters.swift; sourceTree = "<group>"; };
		1EA7057F2CE65B7D00933279 /* Inventory.swift */ = {isa = PBXFileReference; lastKnownFileType = sourcecode.swift; path = Inventory.swift; sourceTree = "<group>"; };
		1EC380012CBD2A0A0077B520 /* IngredientSelectorVM.swift */ = {isa = PBXFileReference; lastKnownFileType = sourcecode.swift; path = IngredientSelectorVM.swift; sourceTree = "<group>"; };
		1EC380032CBD549D0077B520 /* IngredientQuantity.swift */ = {isa = PBXFileReference; lastKnownFileType = sourcecode.swift; path = IngredientQuantity.swift; sourceTree = "<group>"; };
		1EC62EEE2D36F05A00B92D33 /* FilterRecipesView.swift */ = {isa = PBXFileReference; lastKnownFileType = sourcecode.swift; path = FilterRecipesView.swift; sourceTree = "<group>"; };
		1EC62EF02D3A797A00B92D33 /* AllergenFreeIndicator.swift */ = {isa = PBXFileReference; lastKnownFileType = sourcecode.swift; path = AllergenFreeIndicator.swift; sourceTree = "<group>"; };
		1EC62EF22D3AAF3500B92D33 /* RecipeRow.swift */ = {isa = PBXFileReference; lastKnownFileType = sourcecode.swift; path = RecipeRow.swift; sourceTree = "<group>"; };
		1EDF483F2D6DE4A50048AFE4 /* User.swift */ = {isa = PBXFileReference; lastKnownFileType = sourcecode.swift; path = User.swift; sourceTree = "<group>"; };
		1EDF484F2D7258620048AFE4 /* HomeMeals.entitlements */ = {isa = PBXFileReference; lastKnownFileType = text.plist.entitlements; path = HomeMeals.entitlements; sourceTree = "<group>"; };
		1EDF48502D76003B0048AFE4 /* SecureCustomTextField.swift */ = {isa = PBXFileReference; lastKnownFileType = sourcecode.swift; path = SecureCustomTextField.swift; sourceTree = "<group>"; };
		1EDF48522D76648F0048AFE4 /* UserVM.swift */ = {isa = PBXFileReference; lastKnownFileType = sourcecode.swift; path = UserVM.swift; sourceTree = "<group>"; };
		1EDF48542D76653B0048AFE4 /* ProfileView.swift */ = {isa = PBXFileReference; lastKnownFileType = sourcecode.swift; path = ProfileView.swift; sourceTree = "<group>"; };
		1EDF48582D771CA50048AFE4 /* EditProfileView.swift */ = {isa = PBXFileReference; lastKnownFileType = sourcecode.swift; path = EditProfileView.swift; sourceTree = "<group>"; };
		1EDF485C2D77913A0048AFE4 /* UpdatePasswordView.swift */ = {isa = PBXFileReference; lastKnownFileType = sourcecode.swift; path = UpdatePasswordView.swift; sourceTree = "<group>"; };
		1EDF485E2D78A4810048AFE4 /* Validations.swift */ = {isa = PBXFileReference; lastKnownFileType = sourcecode.swift; path = Validations.swift; sourceTree = "<group>"; };
		1EDF48622D78C5BE0048AFE4 /* LoginView.swift */ = {isa = PBXFileReference; lastKnownFileType = sourcecode.swift; path = LoginView.swift; sourceTree = "<group>"; };
		1EDF48642D78C5E00048AFE4 /* RegisterView.swift */ = {isa = PBXFileReference; lastKnownFileType = sourcecode.swift; path = RegisterView.swift; sourceTree = "<group>"; };
		1EDF48662D78C70C0048AFE4 /* Keychain.swift */ = {isa = PBXFileReference; lastKnownFileType = sourcecode.swift; path = Keychain.swift; sourceTree = "<group>"; };
		1EDF48682D78C73E0048AFE4 /* Krypto.swift */ = {isa = PBXFileReference; lastKnownFileType = sourcecode.swift; path = Krypto.swift; sourceTree = "<group>"; };
		1EDF486A2D78C75F0048AFE4 /* SecKeyStore.swift */ = {isa = PBXFileReference; lastKnownFileType = sourcecode.swift; path = SecKeyStore.swift; sourceTree = "<group>"; };
		1EDF486C2D78C7A50048AFE4 /* SecManager.swift */ = {isa = PBXFileReference; lastKnownFileType = sourcecode.swift; path = SecManager.swift; sourceTree = "<group>"; };
/* End PBXFileReference section */

/* Begin PBXFrameworksBuildPhase section */
		1E28E9832C8CB76200CEA3BB /* Frameworks */ = {
			isa = PBXFrameworksBuildPhase;
			buildActionMask = 2147483647;
			files = (
				1E4D95BE2C8E7E6E00BCA798 /* ACNetwork in Frameworks */,
			);
			runOnlyForDeploymentPostprocessing = 0;
		};
		1E28E9932C8CB76400CEA3BB /* Frameworks */ = {
			isa = PBXFrameworksBuildPhase;
			buildActionMask = 2147483647;
			files = (
			);
			runOnlyForDeploymentPostprocessing = 0;
		};
		1E28E99D2C8CB76400CEA3BB /* Frameworks */ = {
			isa = PBXFrameworksBuildPhase;
			buildActionMask = 2147483647;
			files = (
			);
			runOnlyForDeploymentPostprocessing = 0;
		};
/* End PBXFrameworksBuildPhase section */

/* Begin PBXGroup section */
		1E28E97D2C8CB76200CEA3BB = {
			isa = PBXGroup;
			children = (
				1E28E9882C8CB76200CEA3BB /* HomeMeals */,
				1E28E9992C8CB76400CEA3BB /* HomeMealsTests */,
				1E28E9A32C8CB76400CEA3BB /* HomeMealsUITests */,
				1E28E9872C8CB76200CEA3BB /* Products */,
				1E4D95BC2C8E7E6E00BCA798 /* Frameworks */,
			);
			sourceTree = "<group>";
		};
		1E28E9872C8CB76200CEA3BB /* Products */ = {
			isa = PBXGroup;
			children = (
				1E28E9862C8CB76200CEA3BB /* HomeMeals.app */,
				1E28E9962C8CB76400CEA3BB /* HomeMealsTests.xctest */,
				1E28E9A02C8CB76400CEA3BB /* HomeMealsUITests.xctest */,
			);
			name = Products;
			sourceTree = "<group>";
		};
		1E28E9882C8CB76200CEA3BB /* HomeMeals */ = {
			isa = PBXGroup;
			children = (
				1EDF484F2D7258620048AFE4 /* HomeMeals.entitlements */,
				1E28E9892C8CB76200CEA3BB /* HomeMealsApp.swift */,
				1E28E98B2C8CB76200CEA3BB /* ContentView.swift */,
				1EDF483E2D6D0AD70048AFE4 /* Auth */,
				1E68E5302C9C4918008AFF07 /* Components */,
				1E5255052C8F5F5600A9A364 /* View */,
				1E28E9BE2C8E407100CEA3BB /* Interface */,
				1E4D95B92C8E7BC600BCA798 /* Network */,
				1E28E9B62C8CF81700CEA3BB /* Model */,
				1E8F1AD12CC7F3C7001284B8 /* Utils */,
				1E7A847A2C8F0F3A00544777 /* ViewModel */,
				1EDF48422D6DE7530048AFE4 /* Security */,
				1E28E9BD2C8E37FF00CEA3BB /* Info.plist */,
				1E28E98D2C8CB76400CEA3BB /* Assets.xcassets */,
				1E28E98F2C8CB76400CEA3BB /* Preview Content */,
			);
			path = HomeMeals;
			sourceTree = "<group>";
		};
		1E28E98F2C8CB76400CEA3BB /* Preview Content */ = {
			isa = PBXGroup;
			children = (
				1E28E9902C8CB76400CEA3BB /* Preview Assets.xcassets */,
				1E79014A2C93202700A78D25 /* ingredients.json */,
				1E79014C2C93206500A78D25 /* recipes.json */,
				1E79014E2C9320B000A78D25 /* TestData.swift */,
			);
			path = "Preview Content";
			sourceTree = "<group>";
		};
		1E28E9992C8CB76400CEA3BB /* HomeMealsTests */ = {
			isa = PBXGroup;
			children = (
				1E28E99A2C8CB76400CEA3BB /* HomeMealsTests.swift */,
			);
			path = HomeMealsTests;
			sourceTree = "<group>";
		};
		1E28E9A32C8CB76400CEA3BB /* HomeMealsUITests */ = {
			isa = PBXGroup;
			children = (
				1E28E9A42C8CB76400CEA3BB /* HomeMealsUITests.swift */,
				1E28E9A62C8CB76400CEA3BB /* HomeMealsUITestsLaunchTests.swift */,
			);
			path = HomeMealsUITests;
			sourceTree = "<group>";
		};
		1E28E9B62C8CF81700CEA3BB /* Model */ = {
			isa = PBXGroup;
			children = (
				1EDF483F2D6DE4A50048AFE4 /* User.swift */,
				1E2CD67F2D50E5FF00D03B69 /* Meals.swift */,
				1E28E9B72C8CF82D00CEA3BB /* Recipe.swift */,
				1E68DBBE2D011590004972E8 /* Ingredient.swift */,
				1EA7057F2CE65B7D00933279 /* Inventory.swift */,
				1E28E9B92C8DB87F00CEA3BB /* Enums.swift */,
			);
			name = Model;
			sourceTree = "<group>";
		};
		1E28E9BE2C8E407100CEA3BB /* Interface */ = {
			isa = PBXGroup;
			children = (
				1E28E9BF2C8E408500CEA3BB /* URL.swift */,
			);
			name = Interface;
			sourceTree = "<group>";
		};
		1E4D95B92C8E7BC600BCA798 /* Network */ = {
			isa = PBXGroup;
			children = (
				1E4D95BA2C8E7BFD00BCA798 /* Network.swift */,
			);
			name = Network;
			sourceTree = "<group>";
		};
		1E4D95BC2C8E7E6E00BCA798 /* Frameworks */ = {
			isa = PBXGroup;
			children = (
			);
			name = Frameworks;
			sourceTree = "<group>";
		};
		1E5255052C8F5F5600A9A364 /* View */ = {
			isa = PBXGroup;
			children = (
				1EDF48582D771CA50048AFE4 /* EditProfileView.swift */,
				1EDF48542D76653B0048AFE4 /* ProfileView.swift */,
				1E64896C2D44485D001FD17F /* FavoriteRecipesView.swift */,
				1EC62EEE2D36F05A00B92D33 /* FilterRecipesView.swift */,
				1E7472DD2CCB8EEE00697C89 /* InventoryView.swift */,
				1E2CD6832D50ED8600D03B69 /* MealPlannerView.swift */,
				1E68DBC02D021CDC004972E8 /* RecipeDetailsView.swift */,
				1E68E52E2C9B564B008AFF07 /* RecipeFormView.swift */,
				1E2CD67D2D4FD96900D03B69 /* RecipeSelectionView.swift */,
				1E5255032C8F5F4E00A9A364 /* RecipeView.swift */,
				1E2B05982D64DD8800D35C1C /* ShoppingListDetailView.swift */,
				1E6BDD082D5F936A00D43F76 /* ShoppingListFormView.swift */,
				1E2B05962D638DA600D35C1C /* ShoppingListsView.swift */,
				1EDF485C2D77913A0048AFE4 /* UpdatePasswordView.swift */,
			);
			name = View;
			sourceTree = "<group>";
		};
		1E68E5302C9C4918008AFF07 /* Components */ = {
			isa = PBXGroup;
			children = (
				1EDF48502D76003B0048AFE4 /* SecureCustomTextField.swift */,
				1EC62EF02D3A797A00B92D33 /* AllergenFreeIndicator.swift */,
				1E573A312CBE8ADF005EF98C /* AllergensSelector.swift */,
				1E68E5312C9C492F008AFF07 /* CustomTextField.swift */,
				1E6E030A2CF3DE9E00B60FE8 /* EditInventoryQuantity.swift */,
				1E40C1A82D6914A200006132 /* GroceryRow.swift */,
				1E48BAC52CC6DE23008D5CC4 /* GuideField.swift */,
				1EC380032CBD549D0077B520 /* IngredientQuantity.swift */,
				1E48BAC72CC6DEA9008D5CC4 /* IngredientsSelectedList.swift */,
				1E63BABC2CA5D7B0000082BD /* IngredientsSelector.swift */,
				1E2B059A2D65FB3300D35C1C /* MinutesStepper.swift */,
				1E5971C12D10A15E000D2CF0 /* RecipeCard.swift */,
				1EC62EF22D3AAF3500B92D33 /* RecipeRow.swift */,
				1E2CD6792D492B2500D03B69 /* SuggestedRecipesList.swift */,
				1E64896E2D45667D001FD17F /* UsersLikesList.swift */,
			);
			name = Components;
			sourceTree = "<group>";
		};
		1E7A847A2C8F0F3A00544777 /* ViewModel */ = {
			isa = PBXGroup;
			children = (
				1EDF48522D76648F0048AFE4 /* UserVM.swift */,
				1E68E52A2C9B551F008AFF07 /* AddRecipeVM.swift */,
				1E7E51A42D159EA600DA445B /* FilterRecipesVM.swift */,
				1EC380012CBD2A0A0077B520 /* IngredientSelectorVM.swift */,
				1E63BABE2CA5D826000082BD /* IngredientsVM.swift */,
				1E6E030C2CF4AF2B00B60FE8 /* InventoryItemVM.swift */,
				1E276A232CEBD53800747585 /* InventoryVM.swift */,
				1E2CD6812D50ED0900D03B69 /* MealPlannerVM.swift */,
				1E6BDCFF2D52B98200D43F76 /* MealSelectionVM.swift */,
				1E7222B42D08BF0700591D3E /* RecipeDetailsVM.swift */,
				1E7A847B2C8F0F5600544777 /* RecipesVM.swift */,
				1E2617832D6A7A13002B5BB2 /* ShoppingListDetailVM.swift */,
				1E6BDD062D5F932A00D43F76 /* ShoppingListGeneratorVM.swift */,
			);
			name = ViewModel;
			sourceTree = "<group>";
		};
		1E8F1AD12CC7F3C7001284B8 /* Utils */ = {
			isa = PBXGroup;
			children = (
				1EDF485E2D78A4810048AFE4 /* Validations.swift */,
				1E8F1AD22CC7F3F6001284B8 /* Formatters.swift */,
			);
			name = Utils;
			sourceTree = "<group>";
		};
		1EDF483E2D6D0AD70048AFE4 /* Auth */ = {
			isa = PBXGroup;
			children = (
				1EDF48622D78C5BE0048AFE4 /* LoginView.swift */,
				1EDF48642D78C5E00048AFE4 /* RegisterView.swift */,
			);
			path = Auth;
			sourceTree = "<group>";
		};
		1EDF48422D6DE7530048AFE4 /* Security */ = {
			isa = PBXGroup;
			children = (
				1EDF486C2D78C7A50048AFE4 /* SecManager.swift */,
				1EDF486A2D78C75F0048AFE4 /* SecKeyStore.swift */,
				1EDF48682D78C73E0048AFE4 /* Krypto.swift */,
				1EDF48662D78C70C0048AFE4 /* Keychain.swift */,
			);
			path = Security;
			sourceTree = "<group>";
		};
/* End PBXGroup section */

/* Begin PBXNativeTarget section */
		1E28E9852C8CB76200CEA3BB /* HomeMeals */ = {
			isa = PBXNativeTarget;
			buildConfigurationList = 1E28E9AA2C8CB76400CEA3BB /* Build configuration list for PBXNativeTarget "HomeMeals" */;
			buildPhases = (
				1E28E9822C8CB76200CEA3BB /* Sources */,
				1E28E9832C8CB76200CEA3BB /* Frameworks */,
				1E28E9842C8CB76200CEA3BB /* Resources */,
			);
			buildRules = (
			);
			dependencies = (
			);
			name = HomeMeals;
			packageProductDependencies = (
				1E4D95BD2C8E7E6E00BCA798 /* ACNetwork */,
			);
			productName = HomeMeals;
			productReference = 1E28E9862C8CB76200CEA3BB /* HomeMeals.app */;
			productType = "com.apple.product-type.application";
		};
		1E28E9952C8CB76400CEA3BB /* HomeMealsTests */ = {
			isa = PBXNativeTarget;
			buildConfigurationList = 1E28E9AD2C8CB76400CEA3BB /* Build configuration list for PBXNativeTarget "HomeMealsTests" */;
			buildPhases = (
				1E28E9922C8CB76400CEA3BB /* Sources */,
				1E28E9932C8CB76400CEA3BB /* Frameworks */,
				1E28E9942C8CB76400CEA3BB /* Resources */,
			);
			buildRules = (
			);
			dependencies = (
				1E28E9982C8CB76400CEA3BB /* PBXTargetDependency */,
			);
			name = HomeMealsTests;
			productName = HomeMealsTests;
			productReference = 1E28E9962C8CB76400CEA3BB /* HomeMealsTests.xctest */;
			productType = "com.apple.product-type.bundle.unit-test";
		};
		1E28E99F2C8CB76400CEA3BB /* HomeMealsUITests */ = {
			isa = PBXNativeTarget;
			buildConfigurationList = 1E28E9B02C8CB76400CEA3BB /* Build configuration list for PBXNativeTarget "HomeMealsUITests" */;
			buildPhases = (
				1E28E99C2C8CB76400CEA3BB /* Sources */,
				1E28E99D2C8CB76400CEA3BB /* Frameworks */,
				1E28E99E2C8CB76400CEA3BB /* Resources */,
			);
			buildRules = (
			);
			dependencies = (
				1E28E9A22C8CB76400CEA3BB /* PBXTargetDependency */,
			);
			name = HomeMealsUITests;
			productName = HomeMealsUITests;
			productReference = 1E28E9A02C8CB76400CEA3BB /* HomeMealsUITests.xctest */;
			productType = "com.apple.product-type.bundle.ui-testing";
		};
/* End PBXNativeTarget section */

/* Begin PBXProject section */
		1E28E97E2C8CB76200CEA3BB /* Project object */ = {
			isa = PBXProject;
			attributes = {
				BuildIndependentTargetsInParallel = 1;
				LastSwiftUpdateCheck = 1540;
				LastUpgradeCheck = 1540;
				TargetAttributes = {
					1E28E9852C8CB76200CEA3BB = {
						CreatedOnToolsVersion = 15.4;
					};
					1E28E9952C8CB76400CEA3BB = {
						CreatedOnToolsVersion = 15.4;
						TestTargetID = 1E28E9852C8CB76200CEA3BB;
					};
					1E28E99F2C8CB76400CEA3BB = {
						CreatedOnToolsVersion = 15.4;
						TestTargetID = 1E28E9852C8CB76200CEA3BB;
					};
				};
			};
			buildConfigurationList = 1E28E9812C8CB76200CEA3BB /* Build configuration list for PBXProject "HomeMeals" */;
			compatibilityVersion = "Xcode 14.0";
			developmentRegion = en;
			hasScannedForEncodings = 0;
			knownRegions = (
				en,
				Base,
			);
			mainGroup = 1E28E97D2C8CB76200CEA3BB;
			packageReferences = (
				1E28E9BC2C8E36B400CEA3BB /* XCRemoteSwiftPackageReference "ACNetwork-Bootcamp2024" */,
			);
			productRefGroup = 1E28E9872C8CB76200CEA3BB /* Products */;
			projectDirPath = "";
			projectRoot = "";
			targets = (
				1E28E9852C8CB76200CEA3BB /* HomeMeals */,
				1E28E9952C8CB76400CEA3BB /* HomeMealsTests */,
				1E28E99F2C8CB76400CEA3BB /* HomeMealsUITests */,
			);
		};
/* End PBXProject section */

/* Begin PBXResourcesBuildPhase section */
		1E28E9842C8CB76200CEA3BB /* Resources */ = {
			isa = PBXResourcesBuildPhase;
			buildActionMask = 2147483647;
			files = (
				1E28E9912C8CB76400CEA3BB /* Preview Assets.xcassets in Resources */,
				1E79014B2C93202700A78D25 /* ingredients.json in Resources */,
				1E28E98E2C8CB76400CEA3BB /* Assets.xcassets in Resources */,
				1E79014D2C93206500A78D25 /* recipes.json in Resources */,
			);
			runOnlyForDeploymentPostprocessing = 0;
		};
		1E28E9942C8CB76400CEA3BB /* Resources */ = {
			isa = PBXResourcesBuildPhase;
			buildActionMask = 2147483647;
			files = (
			);
			runOnlyForDeploymentPostprocessing = 0;
		};
		1E28E99E2C8CB76400CEA3BB /* Resources */ = {
			isa = PBXResourcesBuildPhase;
			buildActionMask = 2147483647;
			files = (
			);
			runOnlyForDeploymentPostprocessing = 0;
		};
/* End PBXResourcesBuildPhase section */

/* Begin PBXSourcesBuildPhase section */
		1E28E9822C8CB76200CEA3BB /* Sources */ = {
			isa = PBXSourcesBuildPhase;
			buildActionMask = 2147483647;
			files = (
				1E63BABD2CA5D7B0000082BD /* IngredientsSelector.swift in Sources */,
				1E7222B52D08BF0700591D3E /* RecipeDetailsVM.swift in Sources */,
				1E573A322CBE8ADF005EF98C /* AllergensSelector.swift in Sources */,
				1E79014F2C9320B000A78D25 /* TestData.swift in Sources */,
				1EDF48692D78C7420048AFE4 /* Krypto.swift in Sources */,
				1E28E9C02C8E408500CEA3BB /* URL.swift in Sources */,
				1EC380042CBD549D0077B520 /* IngredientQuantity.swift in Sources */,
				1E68E52F2C9B564B008AFF07 /* RecipeFormView.swift in Sources */,
				1E68DBBF2D011590004972E8 /* Ingredient.swift in Sources */,
				1E6BDD002D52B9B300D43F76 /* MealSelectionVM.swift in Sources */,
				1EDF48512D76003B0048AFE4 /* SecureCustomTextField.swift in Sources */,
				1E2CD6822D50ED1E00D03B69 /* MealPlannerVM.swift in Sources */,
				1EDF485D2D77913A0048AFE4 /* UpdatePasswordView.swift in Sources */,
				1E2B05992D64DD8800D35C1C /* ShoppingListDetailView.swift in Sources */,
				1EA705802CE65B7D00933279 /* Inventory.swift in Sources */,
				1E7A847C2C8F0F5600544777 /* RecipesVM.swift in Sources */,
				1E2B05972D638DA600D35C1C /* ShoppingListsView.swift in Sources */,
				1EDF48652D78C5E00048AFE4 /* RegisterView.swift in Sources */,
				1E6BDD072D5F932A00D43F76 /* ShoppingListGeneratorVM.swift in Sources */,
				1E2617842D6A7A14002B5BB2 /* ShoppingListDetailVM.swift in Sources */,
				1EDF48672D78C7130048AFE4 /* Keychain.swift in Sources */,
				1E5255042C8F5F4E00A9A364 /* RecipeView.swift in Sources */,
				1E6E030B2CF3DE9E00B60FE8 /* EditInventoryQuantity.swift in Sources */,
				1E276A242CEBD53800747585 /* InventoryVM.swift in Sources */,
				1E28E9B82C8CF82D00CEA3BB /* Recipe.swift in Sources */,
				1EC62EF12D3A797A00B92D33 /* AllergenFreeIndicator.swift in Sources */,
				1E68DBC12D021CDC004972E8 /* RecipeDetailsView.swift in Sources */,
				1E63BABF2CA5D826000082BD /* IngredientsVM.swift in Sources */,
				1E6E030D2CF4AF2B00B60FE8 /* InventoryItemVM.swift in Sources */,
				1E40C1A92D6914A200006132 /* GroceryRow.swift in Sources */,
				1E4D95BB2C8E7BFD00BCA798 /* Network.swift in Sources */,
				1E2CD67A2D492B2500D03B69 /* SuggestedRecipesList.swift in Sources */,
				1EDF48402D6DE4AA0048AFE4 /* User.swift in Sources */,
				1E48BAC62CC6DE23008D5CC4 /* GuideField.swift in Sources */,
				1E2CD67E2D4FD96900D03B69 /* RecipeSelectionView.swift in Sources */,
				1EC380022CBD2A0A0077B520 /* IngredientSelectorVM.swift in Sources */,
				1E2CD6842D50ED9000D03B69 /* MealPlannerView.swift in Sources */,
				1E6BDD092D5F936A00D43F76 /* ShoppingListFormView.swift in Sources */,
				1E28E98C2C8CB76200CEA3BB /* ContentView.swift in Sources */,
				1EDF48552D76653B0048AFE4 /* ProfileView.swift in Sources */,
				1EDF48532D76648F0048AFE4 /* UserVM.swift in Sources */,
				1EDF48632D78C5BE0048AFE4 /* LoginView.swift in Sources */,
				1EDF485F2D78A4860048AFE4 /* Validations.swift in Sources */,
				1E68E5322C9C492F008AFF07 /* CustomTextField.swift in Sources */,
				1EDF48592D771CCC0048AFE4 /* EditProfileView.swift in Sources */,
				1E5971C22D10A15E000D2CF0 /* RecipeCard.swift in Sources */,
				1E2B059B2D65FB3300D35C1C /* MinutesStepper.swift in Sources */,
				1E28E9BA2C8DB87F00CEA3BB /* Enums.swift in Sources */,
				1E68E52B2C9B551F008AFF07 /* AddRecipeVM.swift in Sources */,
				1E48BAC82CC6DEA9008D5CC4 /* IngredientsSelectedList.swift in Sources */,
				1E64896F2D45667D001FD17F /* UsersLikesList.swift in Sources */,
				1E7472DE2CCB8EEE00697C89 /* InventoryView.swift in Sources */,
				1EC62EEF2D36F05A00B92D33 /* FilterRecipesView.swift in Sources */,
				1E2CD6802D50E60A00D03B69 /* Meals.swift in Sources */,
				1E8F1AD32CC7F3F6001284B8 /* Formatters.swift in Sources */,
				1E64896D2D44485D001FD17F /* FavoriteRecipesView.swift in Sources */,
				1EDF486B2D78C7610048AFE4 /* SecKeyStore.swift in Sources */,
				1EDF486D2D78C7A80048AFE4 /* SecManager.swift in Sources */,
				1E7E51A52D159EA600DA445B /* FilterRecipesVM.swift in Sources */,
				1E28E98A2C8CB76200CEA3BB /* HomeMealsApp.swift in Sources */,
				1EC62EF32D3AAF3500B92D33 /* RecipeRow.swift in Sources */,
			);
			runOnlyForDeploymentPostprocessing = 0;
		};
		1E28E9922C8CB76400CEA3BB /* Sources */ = {
			isa = PBXSourcesBuildPhase;
			buildActionMask = 2147483647;
			files = (
				1E28E99B2C8CB76400CEA3BB /* HomeMealsTests.swift in Sources */,
			);
			runOnlyForDeploymentPostprocessing = 0;
		};
		1E28E99C2C8CB76400CEA3BB /* Sources */ = {
			isa = PBXSourcesBuildPhase;
			buildActionMask = 2147483647;
			files = (
				1E28E9A72C8CB76400CEA3BB /* HomeMealsUITestsLaunchTests.swift in Sources */,
				1E28E9A52C8CB76400CEA3BB /* HomeMealsUITests.swift in Sources */,
			);
			runOnlyForDeploymentPostprocessing = 0;
		};
/* End PBXSourcesBuildPhase section */

/* Begin PBXTargetDependency section */
		1E28E9982C8CB76400CEA3BB /* PBXTargetDependency */ = {
			isa = PBXTargetDependency;
			target = 1E28E9852C8CB76200CEA3BB /* HomeMeals */;
			targetProxy = 1E28E9972C8CB76400CEA3BB /* PBXContainerItemProxy */;
		};
		1E28E9A22C8CB76400CEA3BB /* PBXTargetDependency */ = {
			isa = PBXTargetDependency;
			target = 1E28E9852C8CB76200CEA3BB /* HomeMeals */;
			targetProxy = 1E28E9A12C8CB76400CEA3BB /* PBXContainerItemProxy */;
		};
/* End PBXTargetDependency section */

/* Begin XCBuildConfiguration section */
		1E28E9A82C8CB76400CEA3BB /* Debug */ = {
			isa = XCBuildConfiguration;
			buildSettings = {
				ALWAYS_SEARCH_USER_PATHS = NO;
				ASSETCATALOG_COMPILER_GENERATE_SWIFT_ASSET_SYMBOL_EXTENSIONS = YES;
				CLANG_ANALYZER_NONNULL = YES;
				CLANG_ANALYZER_NUMBER_OBJECT_CONVERSION = YES_AGGRESSIVE;
				CLANG_CXX_LANGUAGE_STANDARD = "gnu++20";
				CLANG_ENABLE_MODULES = YES;
				CLANG_ENABLE_OBJC_ARC = YES;
				CLANG_ENABLE_OBJC_WEAK = YES;
				CLANG_WARN_BLOCK_CAPTURE_AUTORELEASING = YES;
				CLANG_WARN_BOOL_CONVERSION = YES;
				CLANG_WARN_COMMA = YES;
				CLANG_WARN_CONSTANT_CONVERSION = YES;
				CLANG_WARN_DEPRECATED_OBJC_IMPLEMENTATIONS = YES;
				CLANG_WARN_DIRECT_OBJC_ISA_USAGE = YES_ERROR;
				CLANG_WARN_DOCUMENTATION_COMMENTS = YES;
				CLANG_WARN_EMPTY_BODY = YES;
				CLANG_WARN_ENUM_CONVERSION = YES;
				CLANG_WARN_INFINITE_RECURSION = YES;
				CLANG_WARN_INT_CONVERSION = YES;
				CLANG_WARN_NON_LITERAL_NULL_CONVERSION = YES;
				CLANG_WARN_OBJC_IMPLICIT_RETAIN_SELF = YES;
				CLANG_WARN_OBJC_LITERAL_CONVERSION = YES;
				CLANG_WARN_OBJC_ROOT_CLASS = YES_ERROR;
				CLANG_WARN_QUOTED_INCLUDE_IN_FRAMEWORK_HEADER = YES;
				CLANG_WARN_RANGE_LOOP_ANALYSIS = YES;
				CLANG_WARN_STRICT_PROTOTYPES = YES;
				CLANG_WARN_SUSPICIOUS_MOVE = YES;
				CLANG_WARN_UNGUARDED_AVAILABILITY = YES_AGGRESSIVE;
				CLANG_WARN_UNREACHABLE_CODE = YES;
				CLANG_WARN__DUPLICATE_METHOD_MATCH = YES;
				COPY_PHASE_STRIP = NO;
				DEBUG_INFORMATION_FORMAT = dwarf;
				ENABLE_STRICT_OBJC_MSGSEND = YES;
				ENABLE_TESTABILITY = YES;
				ENABLE_USER_SCRIPT_SANDBOXING = YES;
				GCC_C_LANGUAGE_STANDARD = gnu17;
				GCC_DYNAMIC_NO_PIC = NO;
				GCC_NO_COMMON_BLOCKS = YES;
				GCC_OPTIMIZATION_LEVEL = 0;
				GCC_PREPROCESSOR_DEFINITIONS = (
					"DEBUG=1",
					"$(inherited)",
				);
				GCC_WARN_64_TO_32_BIT_CONVERSION = YES;
				GCC_WARN_ABOUT_RETURN_TYPE = YES_ERROR;
				GCC_WARN_UNDECLARED_SELECTOR = YES;
				GCC_WARN_UNINITIALIZED_AUTOS = YES_AGGRESSIVE;
				GCC_WARN_UNUSED_FUNCTION = YES;
				GCC_WARN_UNUSED_VARIABLE = YES;
				IPHONEOS_DEPLOYMENT_TARGET = 17.5;
				LOCALIZATION_PREFERS_STRING_CATALOGS = YES;
				MTL_ENABLE_DEBUG_INFO = INCLUDE_SOURCE;
				MTL_FAST_MATH = YES;
				ONLY_ACTIVE_ARCH = YES;
				SDKROOT = iphoneos;
				SWIFT_ACTIVE_COMPILATION_CONDITIONS = "DEBUG $(inherited)";
				SWIFT_OPTIMIZATION_LEVEL = "-Onone";
			};
			name = Debug;
		};
		1E28E9A92C8CB76400CEA3BB /* Release */ = {
			isa = XCBuildConfiguration;
			buildSettings = {
				ALWAYS_SEARCH_USER_PATHS = NO;
				ASSETCATALOG_COMPILER_GENERATE_SWIFT_ASSET_SYMBOL_EXTENSIONS = YES;
				CLANG_ANALYZER_NONNULL = YES;
				CLANG_ANALYZER_NUMBER_OBJECT_CONVERSION = YES_AGGRESSIVE;
				CLANG_CXX_LANGUAGE_STANDARD = "gnu++20";
				CLANG_ENABLE_MODULES = YES;
				CLANG_ENABLE_OBJC_ARC = YES;
				CLANG_ENABLE_OBJC_WEAK = YES;
				CLANG_WARN_BLOCK_CAPTURE_AUTORELEASING = YES;
				CLANG_WARN_BOOL_CONVERSION = YES;
				CLANG_WARN_COMMA = YES;
				CLANG_WARN_CONSTANT_CONVERSION = YES;
				CLANG_WARN_DEPRECATED_OBJC_IMPLEMENTATIONS = YES;
				CLANG_WARN_DIRECT_OBJC_ISA_USAGE = YES_ERROR;
				CLANG_WARN_DOCUMENTATION_COMMENTS = YES;
				CLANG_WARN_EMPTY_BODY = YES;
				CLANG_WARN_ENUM_CONVERSION = YES;
				CLANG_WARN_INFINITE_RECURSION = YES;
				CLANG_WARN_INT_CONVERSION = YES;
				CLANG_WARN_NON_LITERAL_NULL_CONVERSION = YES;
				CLANG_WARN_OBJC_IMPLICIT_RETAIN_SELF = YES;
				CLANG_WARN_OBJC_LITERAL_CONVERSION = YES;
				CLANG_WARN_OBJC_ROOT_CLASS = YES_ERROR;
				CLANG_WARN_QUOTED_INCLUDE_IN_FRAMEWORK_HEADER = YES;
				CLANG_WARN_RANGE_LOOP_ANALYSIS = YES;
				CLANG_WARN_STRICT_PROTOTYPES = YES;
				CLANG_WARN_SUSPICIOUS_MOVE = YES;
				CLANG_WARN_UNGUARDED_AVAILABILITY = YES_AGGRESSIVE;
				CLANG_WARN_UNREACHABLE_CODE = YES;
				CLANG_WARN__DUPLICATE_METHOD_MATCH = YES;
				COPY_PHASE_STRIP = NO;
				DEBUG_INFORMATION_FORMAT = "dwarf-with-dsym";
				ENABLE_NS_ASSERTIONS = NO;
				ENABLE_STRICT_OBJC_MSGSEND = YES;
				ENABLE_USER_SCRIPT_SANDBOXING = YES;
				GCC_C_LANGUAGE_STANDARD = gnu17;
				GCC_NO_COMMON_BLOCKS = YES;
				GCC_WARN_64_TO_32_BIT_CONVERSION = YES;
				GCC_WARN_ABOUT_RETURN_TYPE = YES_ERROR;
				GCC_WARN_UNDECLARED_SELECTOR = YES;
				GCC_WARN_UNINITIALIZED_AUTOS = YES_AGGRESSIVE;
				GCC_WARN_UNUSED_FUNCTION = YES;
				GCC_WARN_UNUSED_VARIABLE = YES;
				IPHONEOS_DEPLOYMENT_TARGET = 17.5;
				LOCALIZATION_PREFERS_STRING_CATALOGS = YES;
				MTL_ENABLE_DEBUG_INFO = NO;
				MTL_FAST_MATH = YES;
				SDKROOT = iphoneos;
				SWIFT_COMPILATION_MODE = wholemodule;
				VALIDATE_PRODUCT = YES;
			};
			name = Release;
		};
		1E28E9AB2C8CB76400CEA3BB /* Debug */ = {
			isa = XCBuildConfiguration;
			buildSettings = {
				ASSETCATALOG_COMPILER_APPICON_NAME = AppIcon;
				ASSETCATALOG_COMPILER_GLOBAL_ACCENT_COLOR_NAME = AccentColor;
				CODE_SIGN_ENTITLEMENTS = HomeMeals/HomeMeals.entitlements;
				CODE_SIGN_STYLE = Automatic;
				CURRENT_PROJECT_VERSION = 1;
				DEVELOPMENT_ASSET_PATHS = "\"HomeMeals/Preview Content\"";
				DEVELOPMENT_TEAM = TRMHX95KA5;
				ENABLE_PREVIEWS = YES;
				GENERATE_INFOPLIST_FILE = YES;
				INFOPLIST_FILE = HomeMeals/Info.plist;
				INFOPLIST_KEY_UIApplicationSceneManifest_Generation = YES;
				INFOPLIST_KEY_UIApplicationSupportsIndirectInputEvents = YES;
				INFOPLIST_KEY_UILaunchScreen_Generation = YES;
				INFOPLIST_KEY_UISupportedInterfaceOrientations_iPad = "UIInterfaceOrientationPortrait UIInterfaceOrientationPortraitUpsideDown UIInterfaceOrientationLandscapeLeft UIInterfaceOrientationLandscapeRight";
				INFOPLIST_KEY_UISupportedInterfaceOrientations_iPhone = "UIInterfaceOrientationPortrait UIInterfaceOrientationLandscapeLeft UIInterfaceOrientationLandscapeRight";
				IPHONEOS_DEPLOYMENT_TARGET = 17.5;
				LD_RUNPATH_SEARCH_PATHS = (
					"$(inherited)",
					"@executable_path/Frameworks",
				);
				MARKETING_VERSION = 1.0;
				PRODUCT_BUNDLE_IDENTIFIER = com.antoniojimenez.HomeMeals;
				PRODUCT_NAME = "$(TARGET_NAME)";
				SWIFT_EMIT_LOC_STRINGS = YES;
				SWIFT_VERSION = 5.0;
				TARGETED_DEVICE_FAMILY = "1,2";
			};
			name = Debug;
		};
		1E28E9AC2C8CB76400CEA3BB /* Release */ = {
			isa = XCBuildConfiguration;
			buildSettings = {
				ASSETCATALOG_COMPILER_APPICON_NAME = AppIcon;
				ASSETCATALOG_COMPILER_GLOBAL_ACCENT_COLOR_NAME = AccentColor;
				CODE_SIGN_ENTITLEMENTS = HomeMeals/HomeMeals.entitlements;
				CODE_SIGN_STYLE = Automatic;
				CURRENT_PROJECT_VERSION = 1;
				DEVELOPMENT_ASSET_PATHS = "\"HomeMeals/Preview Content\"";
				DEVELOPMENT_TEAM = TRMHX95KA5;
				ENABLE_PREVIEWS = YES;
				GENERATE_INFOPLIST_FILE = YES;
				INFOPLIST_FILE = HomeMeals/Info.plist;
				INFOPLIST_KEY_UIApplicationSceneManifest_Generation = YES;
				INFOPLIST_KEY_UIApplicationSupportsIndirectInputEvents = YES;
				INFOPLIST_KEY_UILaunchScreen_Generation = YES;
				INFOPLIST_KEY_UISupportedInterfaceOrientations_iPad = "UIInterfaceOrientationPortrait UIInterfaceOrientationPortraitUpsideDown UIInterfaceOrientationLandscapeLeft UIInterfaceOrientationLandscapeRight";
				INFOPLIST_KEY_UISupportedInterfaceOrientations_iPhone = "UIInterfaceOrientationPortrait UIInterfaceOrientationLandscapeLeft UIInterfaceOrientationLandscapeRight";
				IPHONEOS_DEPLOYMENT_TARGET = 17.5;
				LD_RUNPATH_SEARCH_PATHS = (
					"$(inherited)",
					"@executable_path/Frameworks",
				);
				MARKETING_VERSION = 1.0;
				PRODUCT_BUNDLE_IDENTIFIER = com.antoniojimenez.HomeMeals;
				PRODUCT_NAME = "$(TARGET_NAME)";
				SWIFT_EMIT_LOC_STRINGS = YES;
				SWIFT_VERSION = 5.0;
				TARGETED_DEVICE_FAMILY = "1,2";
			};
			name = Release;
		};
		1E28E9AE2C8CB76400CEA3BB /* Debug */ = {
			isa = XCBuildConfiguration;
			buildSettings = {
				ALWAYS_EMBED_SWIFT_STANDARD_LIBRARIES = YES;
				BUNDLE_LOADER = "$(TEST_HOST)";
				CODE_SIGN_STYLE = Automatic;
				CURRENT_PROJECT_VERSION = 1;
				DEVELOPMENT_TEAM = TRMHX95KA5;
				GENERATE_INFOPLIST_FILE = YES;
				IPHONEOS_DEPLOYMENT_TARGET = 17.5;
				MARKETING_VERSION = 1.0;
				PRODUCT_BUNDLE_IDENTIFIER = com.antoniojimenez.HomeMealsTests;
				PRODUCT_NAME = "$(TARGET_NAME)";
				SWIFT_EMIT_LOC_STRINGS = NO;
				SWIFT_VERSION = 5.0;
				TARGETED_DEVICE_FAMILY = "1,2";
				TEST_HOST = "$(BUILT_PRODUCTS_DIR)/HomeMeals.app/$(BUNDLE_EXECUTABLE_FOLDER_PATH)/HomeMeals";
			};
			name = Debug;
		};
		1E28E9AF2C8CB76400CEA3BB /* Release */ = {
			isa = XCBuildConfiguration;
			buildSettings = {
				ALWAYS_EMBED_SWIFT_STANDARD_LIBRARIES = YES;
				BUNDLE_LOADER = "$(TEST_HOST)";
				CODE_SIGN_STYLE = Automatic;
				CURRENT_PROJECT_VERSION = 1;
				DEVELOPMENT_TEAM = TRMHX95KA5;
				GENERATE_INFOPLIST_FILE = YES;
				IPHONEOS_DEPLOYMENT_TARGET = 17.5;
				MARKETING_VERSION = 1.0;
				PRODUCT_BUNDLE_IDENTIFIER = com.antoniojimenez.HomeMealsTests;
				PRODUCT_NAME = "$(TARGET_NAME)";
				SWIFT_EMIT_LOC_STRINGS = NO;
				SWIFT_VERSION = 5.0;
				TARGETED_DEVICE_FAMILY = "1,2";
				TEST_HOST = "$(BUILT_PRODUCTS_DIR)/HomeMeals.app/$(BUNDLE_EXECUTABLE_FOLDER_PATH)/HomeMeals";
			};
			name = Release;
		};
		1E28E9B12C8CB76400CEA3BB /* Debug */ = {
			isa = XCBuildConfiguration;
			buildSettings = {
				ALWAYS_EMBED_SWIFT_STANDARD_LIBRARIES = YES;
				CODE_SIGN_STYLE = Automatic;
				CURRENT_PROJECT_VERSION = 1;
				DEVELOPMENT_TEAM = TRMHX95KA5;
				GENERATE_INFOPLIST_FILE = YES;
				MARKETING_VERSION = 1.0;
				PRODUCT_BUNDLE_IDENTIFIER = com.antoniojimenez.HomeMealsUITests;
				PRODUCT_NAME = "$(TARGET_NAME)";
				SWIFT_EMIT_LOC_STRINGS = NO;
				SWIFT_VERSION = 5.0;
				TARGETED_DEVICE_FAMILY = "1,2";
				TEST_TARGET_NAME = HomeMeals;
			};
			name = Debug;
		};
		1E28E9B22C8CB76400CEA3BB /* Release */ = {
			isa = XCBuildConfiguration;
			buildSettings = {
				ALWAYS_EMBED_SWIFT_STANDARD_LIBRARIES = YES;
				CODE_SIGN_STYLE = Automatic;
				CURRENT_PROJECT_VERSION = 1;
				DEVELOPMENT_TEAM = TRMHX95KA5;
				GENERATE_INFOPLIST_FILE = YES;
				MARKETING_VERSION = 1.0;
				PRODUCT_BUNDLE_IDENTIFIER = com.antoniojimenez.HomeMealsUITests;
				PRODUCT_NAME = "$(TARGET_NAME)";
				SWIFT_EMIT_LOC_STRINGS = NO;
				SWIFT_VERSION = 5.0;
				TARGETED_DEVICE_FAMILY = "1,2";
				TEST_TARGET_NAME = HomeMeals;
			};
			name = Release;
		};
/* End XCBuildConfiguration section */

/* Begin XCConfigurationList section */
		1E28E9812C8CB76200CEA3BB /* Build configuration list for PBXProject "HomeMeals" */ = {
			isa = XCConfigurationList;
			buildConfigurations = (
				1E28E9A82C8CB76400CEA3BB /* Debug */,
				1E28E9A92C8CB76400CEA3BB /* Release */,
			);
			defaultConfigurationIsVisible = 0;
			defaultConfigurationName = Release;
		};
		1E28E9AA2C8CB76400CEA3BB /* Build configuration list for PBXNativeTarget "HomeMeals" */ = {
			isa = XCConfigurationList;
			buildConfigurations = (
				1E28E9AB2C8CB76400CEA3BB /* Debug */,
				1E28E9AC2C8CB76400CEA3BB /* Release */,
			);
			defaultConfigurationIsVisible = 0;
			defaultConfigurationName = Release;
		};
		1E28E9AD2C8CB76400CEA3BB /* Build configuration list for PBXNativeTarget "HomeMealsTests" */ = {
			isa = XCConfigurationList;
			buildConfigurations = (
				1E28E9AE2C8CB76400CEA3BB /* Debug */,
				1E28E9AF2C8CB76400CEA3BB /* Release */,
			);
			defaultConfigurationIsVisible = 0;
			defaultConfigurationName = Release;
		};
		1E28E9B02C8CB76400CEA3BB /* Build configuration list for PBXNativeTarget "HomeMealsUITests" */ = {
			isa = XCConfigurationList;
			buildConfigurations = (
				1E28E9B12C8CB76400CEA3BB /* Debug */,
				1E28E9B22C8CB76400CEA3BB /* Release */,
			);
			defaultConfigurationIsVisible = 0;
			defaultConfigurationName = Release;
		};
/* End XCConfigurationList section */

/* Begin XCRemoteSwiftPackageReference section */
		1E28E9BC2C8E36B400CEA3BB /* XCRemoteSwiftPackageReference "ACNetwork-Bootcamp2024" */ = {
			isa = XCRemoteSwiftPackageReference;
			repositoryURL = "https://github.com/acacademy/ACNetwork-Bootcamp2024";
			requirement = {
				kind = upToNextMajorVersion;
				minimumVersion = 1.0.15;
			};
		};
/* End XCRemoteSwiftPackageReference section */

/* Begin XCSwiftPackageProductDependency section */
		1E4D95BD2C8E7E6E00BCA798 /* ACNetwork */ = {
			isa = XCSwiftPackageProductDependency;
			package = 1E28E9BC2C8E36B400CEA3BB /* XCRemoteSwiftPackageReference "ACNetwork-Bootcamp2024" */;
			productName = ACNetwork;
		};
/* End XCSwiftPackageProductDependency section */
	};
	rootObject = 1E28E97E2C8CB76200CEA3BB /* Project object */;
}
